
Microsoft Visual Studio Solution File, Format Version 12.00
# Visual Studio Version 16
VisualStudioVersion = 16.0.33214.272
MinimumVisualStudioVersion = 10.0.40219.1
Project("{FAE04EC0-301F-11D3-BF4B-00C04F79EFBC}") = "oop6-8lab", "oop6-8lab\oop6-8lab.csproj", "{8ADCD58D-5215-4820-AB52-E7F50FAD9E8E}"
EndProject
Global
	GlobalSection(SolutionConfigurationPlatforms) = preSolution
		Debug|Any CPU = Debug|Any CPU
		Release|Any CPU = Release|Any CPU
	EndGlobalSection
	GlobalSection(ProjectConfigurationPlatforms) = postSolution
		{8ADCD58D-5215-4820-AB52-E7F50FAD9E8E}.Debug|Any CPU.ActiveCfg = Debug|Any CPU
		{8ADCD58D-5215-4820-AB52-E7F50FAD9E8E}.Debug|Any CPU.Build.0 = Debug|Any CPU
		{8ADCD58D-5215-4820-AB52-E7F50FAD9E8E}.Release|Any CPU.ActiveCfg = Release|Any CPU
		{8ADCD58D-5215-4820-AB52-E7F50FAD9E8E}.Release|Any CPU.Build.0 = Release|Any CPU
	EndGlobalSection
	GlobalSection(SolutionProperties) = preSolution
		HideSolutionNode = FALSE
	EndGlobalSection
	GlobalSection(ExtensibilityGlobals) = postSolution
		SolutionGuid = {8FB3B072-40E0-4B42-8422-E21674D5DADA}
	EndGlobalSection
EndGlobal
